// !$*UTF8*$!
{
	archiveVersion = 1;
	classes = {
	};
	objectVersion = 77;
	objects = {

/* Begin PBXBuildFile section */
		038288C92DFEC8C8005F3DB7 /* web3swift in Frameworks */ = {isa = PBXBuildFile; productRef = 038288C82DFEC8C8005F3DB7 /* web3swift */; };
		038288CC2DFEEB33005F3DB7 /* AnyCodable in Frameworks */ = {isa = PBXBuildFile; productRef = 038288CB2DFEEB33005F3DB7 /* AnyCodable */; };
		038426DE2DDEE868001849B2 /* ReownAppKit in Frameworks */ = {isa = PBXBuildFile; productRef = 038426DD2DDEE868001849B2 /* ReownAppKit */; };
		038426E02DDEE868001849B2 /* ReownWalletKit in Frameworks */ = {isa = PBXBuildFile; productRef = 038426DF2DDEE868001849B2 /* ReownWalletKit */; };
		038426E22DDEE868001849B2 /* WalletConnect in Frameworks */ = {isa = PBXBuildFile; productRef = 038426E12DDEE868001849B2 /* WalletConnect */; };
		038426E82DDEFE6E001849B2 /* CryptoSwift in Frameworks */ = {isa = PBXBuildFile; productRef = 038426E72DDEFE6E001849B2 /* CryptoSwift */; };
		038426EA2DE30E6D001849B2 /* WalletConnectNetworking in Frameworks */ = {isa = PBXBuildFile; productRef = 038426E92DE30E6D001849B2 /* WalletConnectNetworking */; };
/* End PBXBuildFile section */

/* Begin PBXContainerItemProxy section */
		03FC7B202DA4218C002D15B3 /* PBXContainerItemProxy */ = {
			isa = PBXContainerItemProxy;
			containerPortal = 03FC7B062DA4218A002D15B3 /* Project object */;
			proxyType = 1;
			remoteGlobalIDString = 03FC7B0D2DA4218A002D15B3;
			remoteInfo = Dket_iOS;
		};
		03FC7B2A2DA4218C002D15B3 /* PBXContainerItemProxy */ = {
			isa = PBXContainerItemProxy;
			containerPortal = 03FC7B062DA4218A002D15B3 /* Project object */;
			proxyType = 1;
			remoteGlobalIDString = 03FC7B0D2DA4218A002D15B3;
			remoteInfo = Dket_iOS;
		};
/* End PBXContainerItemProxy section */

/* Begin PBXFileReference section */
		03FC7B0E2DA4218A002D15B3 /* Dket_iOS.app */ = {isa = PBXFileReference; explicitFileType = wrapper.application; includeInIndex = 0; path = Dket_iOS.app; sourceTree = BUILT_PRODUCTS_DIR; };
		03FC7B1F2DA4218C002D15B3 /* Dket_iOSTests.xctest */ = {isa = PBXFileReference; explicitFileType = wrapper.cfbundle; includeInIndex = 0; path = Dket_iOSTests.xctest; sourceTree = BUILT_PRODUCTS_DIR; };
		03FC7B292DA4218C002D15B3 /* Dket_iOSUITests.xctest */ = {isa = PBXFileReference; explicitFileType = wrapper.cfbundle; includeInIndex = 0; path = Dket_iOSUITests.xctest; sourceTree = BUILT_PRODUCTS_DIR; };
/* End PBXFileReference section */

/* Begin PBXFileSystemSynchronizedBuildFileExceptionSet section */
		03319ED02E02B0D500E0C0C4 /* Exceptions for "Dket_iOS" folder in "Dket_iOS" target */ = {
			isa = PBXFileSystemSynchronizedBuildFileExceptionSet;
			membershipExceptions = (
				Info.plist,
			);
			target = 03FC7B0D2DA4218A002D15B3 /* Dket_iOS */;
		};
/* End PBXFileSystemSynchronizedBuildFileExceptionSet section */

/* Begin PBXFileSystemSynchronizedRootGroup section */
		03FC7B102DA4218A002D15B3 /* Dket_iOS */ = {
			isa = PBXFileSystemSynchronizedRootGroup;
			exceptions = (
				03319ED02E02B0D500E0C0C4 /* Exceptions for "Dket_iOS" folder in "Dket_iOS" target */,
			);
			path = Dket_iOS;
			sourceTree = "<group>";
		};
		03FC7B222DA4218C002D15B3 /* Dket_iOSTests */ = {
			isa = PBXFileSystemSynchronizedRootGroup;
			path = Dket_iOSTests;
			sourceTree = "<group>";
		};
		03FC7B2C2DA4218C002D15B3 /* Dket_iOSUITests */ = {
			isa = PBXFileSystemSynchronizedRootGroup;
			path = Dket_iOSUITests;
			sourceTree = "<group>";
		};
/* End PBXFileSystemSynchronizedRootGroup section */

/* Begin PBXFrameworksBuildPhase section */
		03FC7B0B2DA4218A002D15B3 /* Frameworks */ = {
			isa = PBXFrameworksBuildPhase;
			buildActionMask = 2147483647;
			files = (
				038426E02DDEE868001849B2 /* ReownWalletKit in Frameworks */,
				038426E82DDEFE6E001849B2 /* CryptoSwift in Frameworks */,
				038426DE2DDEE868001849B2 /* ReownAppKit in Frameworks */,
				038426E22DDEE868001849B2 /* WalletConnect in Frameworks */,
				038426EA2DE30E6D001849B2 /* WalletConnectNetworking in Frameworks */,
				038288C92DFEC8C8005F3DB7 /* web3swift in Frameworks */,
				038288CC2DFEEB33005F3DB7 /* AnyCodable in Frameworks */,
			);
			runOnlyForDeploymentPostprocessing = 0;
		};
		03FC7B1C2DA4218C002D15B3 /* Frameworks */ = {
			isa = PBXFrameworksBuildPhase;
			buildActionMask = 2147483647;
			files = (
			);
			runOnlyForDeploymentPostprocessing = 0;
		};
		03FC7B262DA4218C002D15B3 /* Frameworks */ = {
			isa = PBXFrameworksBuildPhase;
			buildActionMask = 2147483647;
			files = (
			);
			runOnlyForDeploymentPostprocessing = 0;
		};
/* End PBXFrameworksBuildPhase section */

/* Begin PBXGroup section */
		03D88FED2DDE4176004AA8B1 /* Frameworks */ = {
			isa = PBXGroup;
			children = (
			);
			name = Frameworks;
			sourceTree = "<group>";
		};
		03FC7B052DA4218A002D15B3 = {
			isa = PBXGroup;
			children = (
				03FC7B102DA4218A002D15B3 /* Dket_iOS */,
				03FC7B222DA4218C002D15B3 /* Dket_iOSTests */,
				03FC7B2C2DA4218C002D15B3 /* Dket_iOSUITests */,
				03D88FED2DDE4176004AA8B1 /* Frameworks */,
				03FC7B0F2DA4218A002D15B3 /* Products */,
			);
			sourceTree = "<group>";
			usesTabs = 0;
		};
		03FC7B0F2DA4218A002D15B3 /* Products */ = {
			isa = PBXGroup;
			children = (
				03FC7B0E2DA4218A002D15B3 /* Dket_iOS.app */,
				03FC7B1F2DA4218C002D15B3 /* Dket_iOSTests.xctest */,
				03FC7B292DA4218C002D15B3 /* Dket_iOSUITests.xctest */,
			);
			name = Products;
			sourceTree = "<group>";
		};
/* End PBXGroup section */

/* Begin PBXNativeTarget section */
		03FC7B0D2DA4218A002D15B3 /* Dket_iOS */ = {
			isa = PBXNativeTarget;
			buildConfigurationList = 03FC7B332DA4218C002D15B3 /* Build configuration list for PBXNativeTarget "Dket_iOS" */;
			buildPhases = (
				03FC7B0A2DA4218A002D15B3 /* Sources */,
				03FC7B0B2DA4218A002D15B3 /* Frameworks */,
				03FC7B0C2DA4218A002D15B3 /* Resources */,
			);
			buildRules = (
			);
			dependencies = (
			);
			fileSystemSynchronizedGroups = (
				03FC7B102DA4218A002D15B3 /* Dket_iOS */,
			);
			name = Dket_iOS;
			packageProductDependencies = (
				038426DD2DDEE868001849B2 /* ReownAppKit */,
				038426DF2DDEE868001849B2 /* ReownWalletKit */,
				038426E12DDEE868001849B2 /* WalletConnect */,
				038426E72DDEFE6E001849B2 /* CryptoSwift */,
				038426E92DE30E6D001849B2 /* WalletConnectNetworking */,
				038288C82DFEC8C8005F3DB7 /* web3swift */,
				038288CB2DFEEB33005F3DB7 /* AnyCodable */,
			);
			productName = Dket_iOS;
			productReference = 03FC7B0E2DA4218A002D15B3 /* Dket_iOS.app */;
			productType = "com.apple.product-type.application";
		};
		03FC7B1E2DA4218C002D15B3 /* Dket_iOSTests */ = {
			isa = PBXNativeTarget;
			buildConfigurationList = 03FC7B362DA4218C002D15B3 /* Build configuration list for PBXNativeTarget "Dket_iOSTests" */;
			buildPhases = (
				03FC7B1B2DA4218C002D15B3 /* Sources */,
				03FC7B1C2DA4218C002D15B3 /* Frameworks */,
				03FC7B1D2DA4218C002D15B3 /* Resources */,
			);
			buildRules = (
			);
			dependencies = (
				03FC7B212DA4218C002D15B3 /* PBXTargetDependency */,
			);
			fileSystemSynchronizedGroups = (
				03FC7B222DA4218C002D15B3 /* Dket_iOSTests */,
			);
			name = Dket_iOSTests;
			packageProductDependencies = (
			);
			productName = Dket_iOSTests;
			productReference = 03FC7B1F2DA4218C002D15B3 /* Dket_iOSTests.xctest */;
			productType = "com.apple.product-type.bundle.unit-test";
		};
		03FC7B282DA4218C002D15B3 /* Dket_iOSUITests */ = {
			isa = PBXNativeTarget;
			buildConfigurationList = 03FC7B392DA4218C002D15B3 /* Build configuration list for PBXNativeTarget "Dket_iOSUITests" */;
			buildPhases = (
				03FC7B252DA4218C002D15B3 /* Sources */,
				03FC7B262DA4218C002D15B3 /* Frameworks */,
				03FC7B272DA4218C002D15B3 /* Resources */,
			);
			buildRules = (
			);
			dependencies = (
				03FC7B2B2DA4218C002D15B3 /* PBXTargetDependency */,
			);
			fileSystemSynchronizedGroups = (
				03FC7B2C2DA4218C002D15B3 /* Dket_iOSUITests */,
			);
			name = Dket_iOSUITests;
			packageProductDependencies = (
			);
			productName = Dket_iOSUITests;
			productReference = 03FC7B292DA4218C002D15B3 /* Dket_iOSUITests.xctest */;
			productType = "com.apple.product-type.bundle.ui-testing";
		};
/* End PBXNativeTarget section */

/* Begin PBXProject section */
		03FC7B062DA4218A002D15B3 /* Project object */ = {
			isa = PBXProject;
			attributes = {
				BuildIndependentTargetsInParallel = 1;
				LastSwiftUpdateCheck = 1620;
				LastUpgradeCheck = 1620;
				TargetAttributes = {
					03FC7B0D2DA4218A002D15B3 = {
						CreatedOnToolsVersion = 16.2;
					};
					03FC7B1E2DA4218C002D15B3 = {
						CreatedOnToolsVersion = 16.2;
						TestTargetID = 03FC7B0D2DA4218A002D15B3;
					};
					03FC7B282DA4218C002D15B3 = {
						CreatedOnToolsVersion = 16.2;
						TestTargetID = 03FC7B0D2DA4218A002D15B3;
					};
				};
			};
			buildConfigurationList = 03FC7B092DA4218A002D15B3 /* Build configuration list for PBXProject "Dket_iOS" */;
			developmentRegion = en;
			hasScannedForEncodings = 0;
			knownRegions = (
				en,
				Base,
			);
			mainGroup = 03FC7B052DA4218A002D15B3;
			minimizedProjectReferenceProxies = 1;
			packageReferences = (
				038426DC2DDEE868001849B2 /* XCRemoteSwiftPackageReference "reown-swift" */,
				038426E62DDEFE6E001849B2 /* XCRemoteSwiftPackageReference "CryptoSwift" */,
				038288C72DFEC8C8005F3DB7 /* XCRemoteSwiftPackageReference "web3swift" */,
				038288CA2DFEEB33005F3DB7 /* XCRemoteSwiftPackageReference "AnyCodable" */,
			);
			preferredProjectObjectVersion = 77;
			productRefGroup = 03FC7B0F2DA4218A002D15B3 /* Products */;
			projectDirPath = "";
			projectRoot = "";
			targets = (
				03FC7B0D2DA4218A002D15B3 /* Dket_iOS */,
				03FC7B1E2DA4218C002D15B3 /* Dket_iOSTests */,
				03FC7B282DA4218C002D15B3 /* Dket_iOSUITests */,
			);
		};
/* End PBXProject section */

/* Begin PBXResourcesBuildPhase section */
		03FC7B0C2DA4218A002D15B3 /* Resources */ = {
			isa = PBXResourcesBuildPhase;
			buildActionMask = 2147483647;
			files = (
			);
			runOnlyForDeploymentPostprocessing = 0;
		};
		03FC7B1D2DA4218C002D15B3 /* Resources */ = {
			isa = PBXResourcesBuildPhase;
			buildActionMask = 2147483647;
			files = (
			);
			runOnlyForDeploymentPostprocessing = 0;
		};
		03FC7B272DA4218C002D15B3 /* Resources */ = {
			isa = PBXResourcesBuildPhase;
			buildActionMask = 2147483647;
			files = (
			);
			runOnlyForDeploymentPostprocessing = 0;
		};
/* End PBXResourcesBuildPhase section */

/* Begin PBXSourcesBuildPhase section */
		03FC7B0A2DA4218A002D15B3 /* Sources */ = {
			isa = PBXSourcesBuildPhase;
			buildActionMask = 2147483647;
			files = (
			);
			runOnlyForDeploymentPostprocessing = 0;
		};
		03FC7B1B2DA4218C002D15B3 /* Sources */ = {
			isa = PBXSourcesBuildPhase;
			buildActionMask = 2147483647;
			files = (
			);
			runOnlyForDeploymentPostprocessing = 0;
		};
		03FC7B252DA4218C002D15B3 /* Sources */ = {
			isa = PBXSourcesBuildPhase;
			buildActionMask = 2147483647;
			files = (
			);
			runOnlyForDeploymentPostprocessing = 0;
		};
/* End PBXSourcesBuildPhase section */

/* Begin PBXTargetDependency section */
		03FC7B212DA4218C002D15B3 /* PBXTargetDependency */ = {
			isa = PBXTargetDependency;
			target = 03FC7B0D2DA4218A002D15B3 /* Dket_iOS */;
			targetProxy = 03FC7B202DA4218C002D15B3 /* PBXContainerItemProxy */;
		};
		03FC7B2B2DA4218C002D15B3 /* PBXTargetDependency */ = {
			isa = PBXTargetDependency;
			target = 03FC7B0D2DA4218A002D15B3 /* Dket_iOS */;
			targetProxy = 03FC7B2A2DA4218C002D15B3 /* PBXContainerItemProxy */;
		};
/* End PBXTargetDependency section */

/* Begin XCBuildConfiguration section */
		03FC7B312DA4218C002D15B3 /* Debug */ = {
			isa = XCBuildConfiguration;
			buildSettings = {
				ALWAYS_SEARCH_USER_PATHS = NO;
				ASSETCATALOG_COMPILER_GENERATE_SWIFT_ASSET_SYMBOL_EXTENSIONS = YES;
				CLANG_ANALYZER_NONNULL = YES;
				CLANG_ANALYZER_NUMBER_OBJECT_CONVERSION = YES_AGGRESSIVE;
				CLANG_CXX_LANGUAGE_STANDARD = "gnu++20";
				CLANG_ENABLE_MODULES = YES;
				CLANG_ENABLE_OBJC_ARC = YES;
				CLANG_ENABLE_OBJC_WEAK = YES;
				CLANG_WARN_BLOCK_CAPTURE_AUTORELEASING = YES;
				CLANG_WARN_BOOL_CONVERSION = YES;
				CLANG_WARN_COMMA = YES;
				CLANG_WARN_CONSTANT_CONVERSION = YES;
				CLANG_WARN_DEPRECATED_OBJC_IMPLEMENTATIONS = YES;
				CLANG_WARN_DIRECT_OBJC_ISA_USAGE = YES_ERROR;
				CLANG_WARN_DOCUMENTATION_COMMENTS = YES;
				CLANG_WARN_EMPTY_BODY = YES;
				CLANG_WARN_ENUM_CONVERSION = YES;
				CLANG_WARN_INFINITE_RECURSION = YES;
				CLANG_WARN_INT_CONVERSION = YES;
				CLANG_WARN_NON_LITERAL_NULL_CONVERSION = YES;
				CLANG_WARN_OBJC_IMPLICIT_RETAIN_SELF = YES;
				CLANG_WARN_OBJC_LITERAL_CONVERSION = YES;
				CLANG_WARN_OBJC_ROOT_CLASS = YES_ERROR;
				CLANG_WARN_QUOTED_INCLUDE_IN_FRAMEWORK_HEADER = YES;
				CLANG_WARN_RANGE_LOOP_ANALYSIS = YES;
				CLANG_WARN_STRICT_PROTOTYPES = YES;
				CLANG_WARN_SUSPICIOUS_MOVE = YES;
				CLANG_WARN_UNGUARDED_AVAILABILITY = YES_AGGRESSIVE;
				CLANG_WARN_UNREACHABLE_CODE = YES;
				CLANG_WARN__DUPLICATE_METHOD_MATCH = YES;
				COPY_PHASE_STRIP = NO;
				DEBUG_INFORMATION_FORMAT = dwarf;
				ENABLE_STRICT_OBJC_MSGSEND = YES;
				ENABLE_TESTABILITY = YES;
				ENABLE_USER_SCRIPT_SANDBOXING = YES;
				GCC_C_LANGUAGE_STANDARD = gnu17;
				GCC_DYNAMIC_NO_PIC = NO;
				GCC_NO_COMMON_BLOCKS = YES;
				GCC_OPTIMIZATION_LEVEL = 0;
				GCC_PREPROCESSOR_DEFINITIONS = (
					"DEBUG=1",
					"$(inherited)",
				);
				GCC_WARN_64_TO_32_BIT_CONVERSION = YES;
				GCC_WARN_ABOUT_RETURN_TYPE = YES_ERROR;
				GCC_WARN_UNDECLARED_SELECTOR = YES;
				GCC_WARN_UNINITIALIZED_AUTOS = YES_AGGRESSIVE;
				GCC_WARN_UNUSED_FUNCTION = YES;
				GCC_WARN_UNUSED_VARIABLE = YES;
				INFOPLIST_FILE = "";
				LOCALIZATION_PREFERS_STRING_CATALOGS = YES;
				MTL_ENABLE_DEBUG_INFO = INCLUDE_SOURCE;
				MTL_FAST_MATH = YES;
				ONLY_ACTIVE_ARCH = YES;
				SWIFT_ACTIVE_COMPILATION_CONDITIONS = "DEBUG $(inherited)";
				SWIFT_OPTIMIZATION_LEVEL = "-Onone";
			};
			name = Debug;
		};
		03FC7B322DA4218C002D15B3 /* Release */ = {
			isa = XCBuildConfiguration;
			buildSettings = {
				ALWAYS_SEARCH_USER_PATHS = NO;
				ASSETCATALOG_COMPILER_GENERATE_SWIFT_ASSET_SYMBOL_EXTENSIONS = YES;
				CLANG_ANALYZER_NONNULL = YES;
				CLANG_ANALYZER_NUMBER_OBJECT_CONVERSION = YES_AGGRESSIVE;
				CLANG_CXX_LANGUAGE_STANDARD = "gnu++20";
				CLANG_ENABLE_MODULES = YES;
				CLANG_ENABLE_OBJC_ARC = YES;
				CLANG_ENABLE_OBJC_WEAK = YES;
				CLANG_WARN_BLOCK_CAPTURE_AUTORELEASING = YES;
				CLANG_WARN_BOOL_CONVERSION = YES;
				CLANG_WARN_COMMA = YES;
				CLANG_WARN_CONSTANT_CONVERSION = YES;
				CLANG_WARN_DEPRECATED_OBJC_IMPLEMENTATIONS = YES;
				CLANG_WARN_DIRECT_OBJC_ISA_USAGE = YES_ERROR;
				CLANG_WARN_DOCUMENTATION_COMMENTS = YES;
				CLANG_WARN_EMPTY_BODY = YES;
				CLANG_WARN_ENUM_CONVERSION = YES;
				CLANG_WARN_INFINITE_RECURSION = YES;
				CLANG_WARN_INT_CONVERSION = YES;
				CLANG_WARN_NON_LITERAL_NULL_CONVERSION = YES;
				CLANG_WARN_OBJC_IMPLICIT_RETAIN_SELF = YES;
				CLANG_WARN_OBJC_LITERAL_CONVERSION = YES;
				CLANG_WARN_OBJC_ROOT_CLASS = YES_ERROR;
				CLANG_WARN_QUOTED_INCLUDE_IN_FRAMEWORK_HEADER = YES;
				CLANG_WARN_RANGE_LOOP_ANALYSIS = YES;
				CLANG_WARN_STRICT_PROTOTYPES = YES;
				CLANG_WARN_SUSPICIOUS_MOVE = YES;
				CLANG_WARN_UNGUARDED_AVAILABILITY = YES_AGGRESSIVE;
				CLANG_WARN_UNREACHABLE_CODE = YES;
				CLANG_WARN__DUPLICATE_METHOD_MATCH = YES;
				COPY_PHASE_STRIP = NO;
				DEBUG_INFORMATION_FORMAT = "dwarf-with-dsym";
				ENABLE_NS_ASSERTIONS = NO;
				ENABLE_STRICT_OBJC_MSGSEND = YES;
				ENABLE_USER_SCRIPT_SANDBOXING = YES;
				GCC_C_LANGUAGE_STANDARD = gnu17;
				GCC_NO_COMMON_BLOCKS = YES;
				GCC_WARN_64_TO_32_BIT_CONVERSION = YES;
				GCC_WARN_ABOUT_RETURN_TYPE = YES_ERROR;
				GCC_WARN_UNDECLARED_SELECTOR = YES;
				GCC_WARN_UNINITIALIZED_AUTOS = YES_AGGRESSIVE;
				GCC_WARN_UNUSED_FUNCTION = YES;
				GCC_WARN_UNUSED_VARIABLE = YES;
				INFOPLIST_FILE = "";
				LOCALIZATION_PREFERS_STRING_CATALOGS = YES;
				MTL_ENABLE_DEBUG_INFO = NO;
				MTL_FAST_MATH = YES;
				SWIFT_COMPILATION_MODE = wholemodule;
			};
			name = Release;
		};
		03FC7B342DA4218C002D15B3 /* Debug */ = {
			isa = XCBuildConfiguration;
			buildSettings = {
				ASSETCATALOG_COMPILER_APPICON_NAME = AppIcon;
				ASSETCATALOG_COMPILER_GLOBAL_ACCENT_COLOR_NAME = AccentColor;
				CODE_SIGN_ENTITLEMENTS = Dket_iOS/Dket_iOS.entitlements;
				CODE_SIGN_STYLE = Automatic;
				CURRENT_PROJECT_VERSION = 1;
				DEVELOPMENT_ASSET_PATHS = "\"Dket_iOS/Preview Content\"";
				DEVELOPMENT_TEAM = TSGF3YP7J3;
				ENABLE_HARDENED_RUNTIME = YES;
				ENABLE_PREVIEWS = YES;
				GENERATE_INFOPLIST_FILE = YES;
				INFOPLIST_FILE = "Dket-iOS-Info.plist";
				INFOPLIST_KEY_NSCameraUsageDescription = "공연 입장 확인을 위해 카메라로 QR 코드를 스캔합니다.";
				INFOPLIST_KEY_NSFaceIDUsageDescription = "티켓 결제 및 본인 인증을 위해 Face ID를 사용합니다.";
				INFOPLIST_KEY_NSLocalNetworkUsageDescription = "이 앱은 동일 네트워크 내 서버와 통신하기 위해 로컬 네트워크에 접근합니다.";
				"INFOPLIST_KEY_UIApplicationSceneManifest_Generation[sdk=iphoneos*]" = YES;
				"INFOPLIST_KEY_UIApplicationSceneManifest_Generation[sdk=iphonesimulator*]" = YES;
				"INFOPLIST_KEY_UIApplicationSupportsIndirectInputEvents[sdk=iphoneos*]" = YES;
				"INFOPLIST_KEY_UIApplicationSupportsIndirectInputEvents[sdk=iphonesimulator*]" = YES;
				"INFOPLIST_KEY_UILaunchScreen_Generation[sdk=iphoneos*]" = YES;
				"INFOPLIST_KEY_UILaunchScreen_Generation[sdk=iphonesimulator*]" = YES;
				"INFOPLIST_KEY_UIStatusBarStyle[sdk=iphoneos*]" = UIStatusBarStyleDefault;
				"INFOPLIST_KEY_UIStatusBarStyle[sdk=iphonesimulator*]" = UIStatusBarStyleDefault;
				INFOPLIST_KEY_UISupportedInterfaceOrientations_iPad = "UIInterfaceOrientationPortrait UIInterfaceOrientationPortraitUpsideDown UIInterfaceOrientationLandscapeLeft UIInterfaceOrientationLandscapeRight";
				INFOPLIST_KEY_UISupportedInterfaceOrientations_iPhone = "UIInterfaceOrientationPortrait UIInterfaceOrientationLandscapeLeft UIInterfaceOrientationLandscapeRight";
				IPHONEOS_DEPLOYMENT_TARGET = 18.3;
				LD_RUNPATH_SEARCH_PATHS = "@executable_path/Frameworks";
				"LD_RUNPATH_SEARCH_PATHS[sdk=macosx*]" = "@executable_path/../Frameworks";
				MACOSX_DEPLOYMENT_TARGET = 15.2;
				MARKETING_VERSION = 1.0;
				PRODUCT_BUNDLE_IDENTIFIER = com.ijiu.DketiOS;
				PRODUCT_NAME = "$(TARGET_NAME)";
				SDKROOT = auto;
				SUPPORTED_PLATFORMS = "iphoneos iphonesimulator";
				SUPPORTS_MACCATALYST = NO;
				SWIFT_EMIT_LOC_STRINGS = YES;
				SWIFT_VERSION = 5.0;
				TARGETED_DEVICE_FAMILY = 1;
				XROS_DEPLOYMENT_TARGET = 2.2;
			};
			name = Debug;
		};
		03FC7B352DA4218C002D15B3 /* Release */ = {
			isa = XCBuildConfiguration;
			buildSettings = {
				ASSETCATALOG_COMPILER_APPICON_NAME = AppIcon;
				ASSETCATALOG_COMPILER_GLOBAL_ACCENT_COLOR_NAME = AccentColor;
				CODE_SIGN_ENTITLEMENTS = Dket_iOS/Dket_iOS.entitlements;
				CODE_SIGN_STYLE = Automatic;
				CURRENT_PROJECT_VERSION = 1;
				DEVELOPMENT_ASSET_PATHS = "\"Dket_iOS/Preview Content\"";
				DEVELOPMENT_TEAM = TSGF3YP7J3;
				ENABLE_HARDENED_RUNTIME = YES;
				ENABLE_PREVIEWS = YES;
				GENERATE_INFOPLIST_FILE = YES;
				INFOPLIST_FILE = "Dket-iOS-Info.plist";
				INFOPLIST_KEY_NSCameraUsageDescription = "공연 입장 확인을 위해 카메라로 QR 코드를 스캔합니다.";
				INFOPLIST_KEY_NSFaceIDUsageDescription = "티켓 결제 및 본인 인증을 위해 Face ID를 사용합니다.";
				INFOPLIST_KEY_NSLocalNetworkUsageDescription = "이 앱은 동일 네트워크 내 서버와 통신하기 위해 로컬 네트워크에 접근합니다.";
				"INFOPLIST_KEY_UIApplicationSceneManifest_Generation[sdk=iphoneos*]" = YES;
				"INFOPLIST_KEY_UIApplicationSceneManifest_Generation[sdk=iphonesimulator*]" = YES;
				"INFOPLIST_KEY_UIApplicationSupportsIndirectInputEvents[sdk=iphoneos*]" = YES;
				"INFOPLIST_KEY_UIApplicationSupportsIndirectInputEvents[sdk=iphonesimulator*]" = YES;
				"INFOPLIST_KEY_UILaunchScreen_Generation[sdk=iphoneos*]" = YES;
				"INFOPLIST_KEY_UILaunchScreen_Generation[sdk=iphonesimulator*]" = YES;
				"INFOPLIST_KEY_UIStatusBarStyle[sdk=iphoneos*]" = UIStatusBarStyleDefault;
				"INFOPLIST_KEY_UIStatusBarStyle[sdk=iphonesimulator*]" = UIStatusBarStyleDefault;
				INFOPLIST_KEY_UISupportedInterfaceOrientations_iPad = "UIInterfaceOrientationPortrait UIInterfaceOrientationPortraitUpsideDown UIInterfaceOrientationLandscapeLeft UIInterfaceOrientationLandscapeRight";
				INFOPLIST_KEY_UISupportedInterfaceOrientations_iPhone = "UIInterfaceOrientationPortrait UIInterfaceOrientationLandscapeLeft UIInterfaceOrientationLandscapeRight";
				IPHONEOS_DEPLOYMENT_TARGET = 18.3;
				LD_RUNPATH_SEARCH_PATHS = "@executable_path/Frameworks";
				"LD_RUNPATH_SEARCH_PATHS[sdk=macosx*]" = "@executable_path/../Frameworks";
				MACOSX_DEPLOYMENT_TARGET = 15.2;
				MARKETING_VERSION = 1.0;
				PRODUCT_BUNDLE_IDENTIFIER = com.ijiu.DketiOS;
				PRODUCT_NAME = "$(TARGET_NAME)";
				SDKROOT = auto;
				SUPPORTED_PLATFORMS = "iphoneos iphonesimulator";
				SUPPORTS_MACCATALYST = NO;
				SWIFT_EMIT_LOC_STRINGS = YES;
				SWIFT_VERSION = 5.0;
				TARGETED_DEVICE_FAMILY = 1;
				XROS_DEPLOYMENT_TARGET = 2.2;
			};
			name = Release;
		};
		03FC7B372DA4218C002D15B3 /* Debug */ = {
			isa = XCBuildConfiguration;
			buildSettings = {
				BUNDLE_LOADER = "$(TEST_HOST)";
				CODE_SIGN_STYLE = Automatic;
				CURRENT_PROJECT_VERSION = 1;
				DEVELOPMENT_TEAM = TSGF3YP7J3;
				GENERATE_INFOPLIST_FILE = YES;
				IPHONEOS_DEPLOYMENT_TARGET = 18.2;
				MACOSX_DEPLOYMENT_TARGET = 15.2;
				MARKETING_VERSION = 1.0;
				PRODUCT_BUNDLE_IDENTIFIER = "com.a.Dket-iOSTests";
				PRODUCT_NAME = "$(TARGET_NAME)";
				SDKROOT = auto;
				SUPPORTED_PLATFORMS = "iphoneos iphonesimulator macosx xros xrsimulator";
				SWIFT_EMIT_LOC_STRINGS = NO;
				SWIFT_VERSION = 5.0;
				TARGETED_DEVICE_FAMILY = "1,2,7";
				TEST_HOST = "$(BUILT_PRODUCTS_DIR)/Dket_iOS.app/$(BUNDLE_EXECUTABLE_FOLDER_PATH)/Dket_iOS";
				XROS_DEPLOYMENT_TARGET = 2.2;
			};
			name = Debug;
		};
		03FC7B382DA4218C002D15B3 /* Release */ = {
			isa = XCBuildConfiguration;
			buildSettings = {
				BUNDLE_LOADER = "$(TEST_HOST)";
				CODE_SIGN_STYLE = Automatic;
				CURRENT_PROJECT_VERSION = 1;
				DEVELOPMENT_TEAM = TSGF3YP7J3;
				GENERATE_INFOPLIST_FILE = YES;
				IPHONEOS_DEPLOYMENT_TARGET = 18.2;
				MACOSX_DEPLOYMENT_TARGET = 15.2;
				MARKETING_VERSION = 1.0;
				PRODUCT_BUNDLE_IDENTIFIER = "com.a.Dket-iOSTests";
				PRODUCT_NAME = "$(TARGET_NAME)";
				SDKROOT = auto;
				SUPPORTED_PLATFORMS = "iphoneos iphonesimulator macosx xros xrsimulator";
				SWIFT_EMIT_LOC_STRINGS = NO;
				SWIFT_VERSION = 5.0;
				TARGETED_DEVICE_FAMILY = "1,2,7";
				TEST_HOST = "$(BUILT_PRODUCTS_DIR)/Dket_iOS.app/$(BUNDLE_EXECUTABLE_FOLDER_PATH)/Dket_iOS";
				XROS_DEPLOYMENT_TARGET = 2.2;
			};
			name = Release;
		};
		03FC7B3A2DA4218C002D15B3 /* Debug */ = {
			isa = XCBuildConfiguration;
			buildSettings = {
				CODE_SIGN_STYLE = Automatic;
				CURRENT_PROJECT_VERSION = 1;
				DEVELOPMENT_TEAM = TSGF3YP7J3;
				GENERATE_INFOPLIST_FILE = YES;
				IPHONEOS_DEPLOYMENT_TARGET = 18.2;
				MACOSX_DEPLOYMENT_TARGET = 15.2;
				MARKETING_VERSION = 1.0;
				PRODUCT_BUNDLE_IDENTIFIER = "com.a.Dket-iOSUITests";
				PRODUCT_NAME = "$(TARGET_NAME)";
				SDKROOT = auto;
				SUPPORTED_PLATFORMS = "iphoneos iphonesimulator macosx xros xrsimulator";
				SWIFT_EMIT_LOC_STRINGS = NO;
				SWIFT_VERSION = 5.0;
				TARGETED_DEVICE_FAMILY = "1,2,7";
				TEST_TARGET_NAME = Dket_iOS;
				XROS_DEPLOYMENT_TARGET = 2.2;
			};
			name = Debug;
		};
		03FC7B3B2DA4218C002D15B3 /* Release */ = {
			isa = XCBuildConfiguration;
			buildSettings = {
				CODE_SIGN_STYLE = Automatic;
				CURRENT_PROJECT_VERSION = 1;
				DEVELOPMENT_TEAM = TSGF3YP7J3;
				GENERATE_INFOPLIST_FILE = YES;
				IPHONEOS_DEPLOYMENT_TARGET = 18.2;
				MACOSX_DEPLOYMENT_TARGET = 15.2;
				MARKETING_VERSION = 1.0;
				PRODUCT_BUNDLE_IDENTIFIER = "com.a.Dket-iOSUITests";
				PRODUCT_NAME = "$(TARGET_NAME)";
				SDKROOT = auto;
				SUPPORTED_PLATFORMS = "iphoneos iphonesimulator macosx xros xrsimulator";
				SWIFT_EMIT_LOC_STRINGS = NO;
				SWIFT_VERSION = 5.0;
				TARGETED_DEVICE_FAMILY = "1,2,7";
				TEST_TARGET_NAME = Dket_iOS;
				XROS_DEPLOYMENT_TARGET = 2.2;
			};
			name = Release;
		};
/* End XCBuildConfiguration section */

/* Begin XCConfigurationList section */
		03FC7B092DA4218A002D15B3 /* Build configuration list for PBXProject "Dket_iOS" */ = {
			isa = XCConfigurationList;
			buildConfigurations = (
				03FC7B312DA4218C002D15B3 /* Debug */,
				03FC7B322DA4218C002D15B3 /* Release */,
			);
			defaultConfigurationIsVisible = 0;
			defaultConfigurationName = Release;
		};
		03FC7B332DA4218C002D15B3 /* Build configuration list for PBXNativeTarget "Dket_iOS" */ = {
			isa = XCConfigurationList;
			buildConfigurations = (
				03FC7B342DA4218C002D15B3 /* Debug */,
				03FC7B352DA4218C002D15B3 /* Release */,
			);
			defaultConfigurationIsVisible = 0;
			defaultConfigurationName = Release;
		};
		03FC7B362DA4218C002D15B3 /* Build configuration list for PBXNativeTarget "Dket_iOSTests" */ = {
			isa = XCConfigurationList;
			buildConfigurations = (
				03FC7B372DA4218C002D15B3 /* Debug */,
				03FC7B382DA4218C002D15B3 /* Release */,
			);
			defaultConfigurationIsVisible = 0;
			defaultConfigurationName = Release;
		};
		03FC7B392DA4218C002D15B3 /* Build configuration list for PBXNativeTarget "Dket_iOSUITests" */ = {
			isa = XCConfigurationList;
			buildConfigurations = (
				03FC7B3A2DA4218C002D15B3 /* Debug */,
				03FC7B3B2DA4218C002D15B3 /* Release */,
			);
			defaultConfigurationIsVisible = 0;
			defaultConfigurationName = Release;
		};
/* End XCConfigurationList section */

/* Begin XCRemoteSwiftPackageReference section */
		038288C72DFEC8C8005F3DB7 /* XCRemoteSwiftPackageReference "web3swift" */ = {
			isa = XCRemoteSwiftPackageReference;
			repositoryURL = "https://github.com/skywinder/web3swift.git";
			requirement = {
				kind = upToNextMajorVersion;
				minimumVersion = 3.3.0;
			};
		};
		038288CA2DFEEB33005F3DB7 /* XCRemoteSwiftPackageReference "AnyCodable" */ = {
			isa = XCRemoteSwiftPackageReference;
			repositoryURL = "https://github.com/Flight-School/AnyCodable.git";
			requirement = {
				kind = upToNextMajorVersion;
				minimumVersion = 0.6.7;
			};
		};
		038426DC2DDEE868001849B2 /* XCRemoteSwiftPackageReference "reown-swift" */ = {
			isa = XCRemoteSwiftPackageReference;
			repositoryURL = "https://github.com/reown-com/reown-swift";
			requirement = {
				kind = upToNextMajorVersion;
				minimumVersion = 1.6.2;
			};
		};
		038426E62DDEFE6E001849B2 /* XCRemoteSwiftPackageReference "CryptoSwift" */ = {
			isa = XCRemoteSwiftPackageReference;
			repositoryURL = "https://github.com/krzyzanowskim/CryptoSwift";
			requirement = {
				kind = upToNextMajorVersion;
				minimumVersion = 1.8.4;
			};
		};
/* End XCRemoteSwiftPackageReference section */

/* Begin XCSwiftPackageProductDependency section */
		038288C82DFEC8C8005F3DB7 /* web3swift */ = {
			isa = XCSwiftPackageProductDependency;
			package = 038288C72DFEC8C8005F3DB7 /* XCRemoteSwiftPackageReference "web3swift" */;
			productName = web3swift;
		};
		038288CB2DFEEB33005F3DB7 /* AnyCodable */ = {
			isa = XCSwiftPackageProductDependency;
			package = 038288CA2DFEEB33005F3DB7 /* XCRemoteSwiftPackageReference "AnyCodable" */;
			productName = AnyCodable;
		};
		038426DD2DDEE868001849B2 /* ReownAppKit */ = {
			isa = XCSwiftPackageProductDependency;
			package = 038426DC2DDEE868001849B2 /* XCRemoteSwiftPackageReference "reown-swift" */;
			productName = ReownAppKit;
		};
		038426DF2DDEE868001849B2 /* ReownWalletKit */ = {
			isa = XCSwiftPackageProductDependency;
			package = 038426DC2DDEE868001849B2 /* XCRemoteSwiftPackageReference "reown-swift" */;
			productName = ReownWalletKit;
		};
		038426E12DDEE868001849B2 /* WalletConnect */ = {
			isa = XCSwiftPackageProductDependency;
			package = 038426DC2DDEE868001849B2 /* XCRemoteSwiftPackageReference "reown-swift" */;
			productName = WalletConnect;
		};
		038426E72DDEFE6E001849B2 /* CryptoSwift */ = {
			isa = XCSwiftPackageProductDependency;
			package = 038426E62DDEFE6E001849B2 /* XCRemoteSwiftPackageReference "CryptoSwift" */;
			productName = CryptoSwift;
		};
		038426E92DE30E6D001849B2 /* WalletConnectNetworking */ = {
			isa = XCSwiftPackageProductDependency;
			package = 038426DC2DDEE868001849B2 /* XCRemoteSwiftPackageReference "reown-swift" */;
			productName = WalletConnectNetworking;
		};
/* End XCSwiftPackageProductDependency section */
	};
	rootObject = 03FC7B062DA4218A002D15B3 /* Project object */;
}
